
Microsoft Visual Studio Solution File, Format Version 11.00
# Visual Studio 2010
Project("{FAE04EC0-301F-11D3-BF4B-00C04F79EFBC}") = "FlipTV", "Assembly-CSharp.csproj", "{BBF421C1-6A13-9A8D-2665-4D78B400BC1D}"
EndProject
Project("{FAE04EC0-301F-11D3-BF4B-00C04F79EFBC}") = "FlipTV", "Assembly-CSharp-Editor.csproj", "{9F7CCCFB-BEF1-2193-67B5-7C0326F07E25}"
EndProject
Global
	GlobalSection(SolutionConfigurationPlatforms) = preSolution
		Debug|Any CPU = Debug|Any CPU
		Release|Any CPU = Release|Any CPU
	EndGlobalSection
	GlobalSection(ProjectConfigurationPlatforms) = postSolution
		{BBF421C1-6A13-9A8D-2665-4D78B400BC1D}.Debug|Any CPU.ActiveCfg = Debug|Any CPU
		{BBF421C1-6A13-9A8D-2665-4D78B400BC1D}.Debug|Any CPU.Build.0 = Debug|Any CPU
		{BBF421C1-6A13-9A8D-2665-4D78B400BC1D}.Release|Any CPU.ActiveCfg = Release|Any CPU
		{BBF421C1-6A13-9A8D-2665-4D78B400BC1D}.Release|Any CPU.Build.0 = Release|Any CPU
		{9F7CCCFB-BEF1-2193-67B5-7C0326F07E25}.Debug|Any CPU.ActiveCfg = Debug|Any CPU
		{9F7CCCFB-BEF1-2193-67B5-7C0326F07E25}.Debug|Any CPU.Build.0 = Debug|Any CPU
		{9F7CCCFB-BEF1-2193-67B5-7C0326F07E25}.Release|Any CPU.ActiveCfg = Release|Any CPU
		{9F7CCCFB-BEF1-2193-67B5-7C0326F07E25}.Release|Any CPU.Build.0 = Release|Any CPU
	EndGlobalSection
	GlobalSection(SolutionProperties) = preSolution
		HideSolutionNode = FALSE
	EndGlobalSection
	GlobalSection(MonoDevelopProperties) = preSolution
		StartupItem = Assembly-CSharp.csproj
	EndGlobalSection
EndGlobal
